<?xml version="1.0" encoding="utf-8"?>
<Project ToolsVersion="4.0" xmlns="http://schemas.microsoft.com/developer/msbuild/2003">
  <ItemGroup>
    <Filter Include="Source Files">
      <UniqueIdentifier>{4FC737F1-C7A5-4376-A066-2A32D752A2FF}</UniqueIdentifier>
      <Extensions>cpp;c;cc;cxx;c++;cppm;ixx;def;odl;idl;hpj;bat;asm;asmx</Extensions>
    </Filter>
    <Filter Include="Header Files">
      <UniqueIdentifier>{93995380-89BD-4b04-88EB-625FBE52EBFB}</UniqueIdentifier>
      <Extensions>h;hh;hpp;hxx;h++;hm;inl;inc;ipp;xsd</Extensions>
    </Filter>
    <Filter Include="Source Files\Static">
      <UniqueIdentifier>{e3363a67-8a9c-4b27-88ff-f768faae1959}</UniqueIdentifier>
    </Filter>
    <Filter Include="Header Files\Static">
      <UniqueIdentifier>{9d97736b-daa8-4128-801d-dbd11342c867}</UniqueIdentifier>
    </Filter>
    <Filter Include="Header Files\Entity">
      <UniqueIdentifier>{33140205-98d8-48dd-8469-c63e11793a2d}</UniqueIdentifier>
    </Filter>
    <Filter Include="Source Files\Entity">
      <UniqueIdentifier>{3c11079a-7504-448c-8355-e82fb3d4aba1}</UniqueIdentifier>
    </Filter>
  </ItemGroup>
  <ItemGroup>
    <ClCompile Include="main.cpp">
      <Filter>Source Files</Filter>
    </ClCompile>
    <ClCompile Include="Game.cpp">
      <Filter>Source Files</Filter>
    </ClCompile>
    <ClCompile Include="Drawable.cpp">
      <Filter>Source Files</Filter>
    </ClCompile>
    <ClCompile Include="AssetManager.cpp">
      <Filter>Source Files</Filter>
    </ClCompile>
    <ClCompile Include="Floor.cpp">
      <Filter>Source Files\Static</Filter>
    </ClCompile>
    <ClCompile Include="Tree.cpp">
      <Filter>Source Files\Static</Filter>
    </ClCompile>
    <ClCompile Include="Wall.cpp">
      <Filter>Source Files\Static</Filter>
    </ClCompile>
    <ClCompile Include="Entity.cpp">
      <Filter>Source Files\Entity</Filter>
    </ClCompile>
    <ClCompile Include="Player.cpp">
      <Filter>Source Files\Entity</Filter>
    </ClCompile>
    <ClCompile Include="Zombie.cpp">
      <Filter>Source Files\Entity</Filter>
    </ClCompile>
    <ClCompile Include="Bullet.cpp">
      <Filter>Source Files\Entity</Filter>
    </ClCompile>
  </ItemGroup>
  <ItemGroup>
    <ClInclude Include="Game.h">
      <Filter>Header Files</Filter>
    </ClInclude>
    <ClInclude Include="Drawable.h">
      <Filter>Header Files</Filter>
    </ClInclude>
    <ClInclude Include="AssetManager.h">
      <Filter>Header Files</Filter>
    </ClInclude>
    <ClInclude Include="Static.h">
      <Filter>Header Files\Static</Filter>
    </ClInclude>
    <ClInclude Include="Wall.h">
      <Filter>Header Files\Static</Filter>
    </ClInclude>
    <ClInclude Include="Tree.h">
      <Filter>Header Files\Static</Filter>
    </ClInclude>
    <ClInclude Include="Floor.h">
      <Filter>Header Files\Static</Filter>
    </ClInclude>
    <ClInclude Include="Entity.h">
      <Filter>Header Files\Entity</Filter>
    </ClInclude>
    <ClInclude Include="Player.h">
      <Filter>Header Files\Entity</Filter>
    </ClInclude>
    <ClInclude Include="Zombie.h">
      <Filter>Header Files\Entity</Filter>
    </ClInclude>
    <ClInclude Include="Bullet.h">
      <Filter>Header Files\Entity</Filter>
    </ClInclude>
  </ItemGroup>
  <ItemGroup>
    <None Include="class_diagram.cd" />
  </ItemGroup>
</Project>